
Microsoft Visual Studio Solution File, Format Version 12.00
# Visual Studio Version 17
VisualStudioVersion = 17.9.34701.34
MinimumVisualStudioVersion = 10.0.40219.1
Project("{FAE04EC0-301F-11D3-BF4B-00C04F79EFBC}") = "PortScannerApp", "PortScannerApp\PortScannerApp.csproj", "{F84C8125-9900-450D-BCD9-2E14E0D61378}"
EndProject
Global
	GlobalSection(SolutionConfigurationPlatforms) = preSolution
		Debug|Any CPU = Debug|Any CPU
		Release|Any CPU = Release|Any CPU
	EndGlobalSection
	GlobalSection(ProjectConfigurationPlatforms) = postSolution
		{F84C8125-9900-450D-BCD9-2E14E0D61378}.Debug|Any CPU.ActiveCfg = Debug|Any CPU
		{F84C8125-9900-450D-BCD9-2E14E0D61378}.Debug|Any CPU.Build.0 = Debug|Any CPU
		{F84C8125-9900-450D-BCD9-2E14E0D61378}.Release|Any CPU.ActiveCfg = Release|Any CPU
		{F84C8125-9900-450D-BCD9-2E14E0D61378}.Release|Any CPU.Build.0 = Release|Any CPU
	EndGlobalSection
	GlobalSection(SolutionProperties) = preSolution
		HideSolutionNode = FALSE
	EndGlobalSection
	GlobalSection(ExtensibilityGlobals) = postSolution
		SolutionGuid = {DBEEABBC-A3D9-4476-9B72-C70371F71B36}
	EndGlobalSection
EndGlobal
